# This file is automatically @generated by Cargo.
# It is not intended for manual editing.
[[package]]
name = "overload"
version = "0.1.1"
source = "registry+https://github.com/rust-lang/crates.io-index"
checksum = "b15813163c1d831bf4a13c3610c05c0d03b39feb07f7e09fa234dac9b15aaf39"

[[package]]
name = "ray_tracer_rust"
version = "0.1.0"
dependencies = [
 "overload",
]
